
Microsoft Visual Studio Solution File, Format Version 12.00
# Visual Studio Version 17
VisualStudioVersion = 17.0.31903.59
MinimumVisualStudioVersion = 10.0.40219.1
Project("{FAE04EC0-301F-11D3-BF4B-00C04F79EFBC}") = "WpfZadanie7", "WpfZadanie7\WpfZadanie7.csproj", "{B68C2756-6B9C-4EC7-BBCE-AEB480DB42D6}"
EndProject
Global
	GlobalSection(SolutionConfigurationPlatforms) = preSolution
		Debug|Any CPU = Debug|Any CPU
		Release|Any CPU = Release|Any CPU
	EndGlobalSection
	GlobalSection(ProjectConfigurationPlatforms) = postSolution
		{B68C2756-6B9C-4EC7-BBCE-AEB480DB42D6}.Debug|Any CPU.ActiveCfg = Debug|Any CPU
		{B68C2756-6B9C-4EC7-BBCE-AEB480DB42D6}.Debug|Any CPU.Build.0 = Debug|Any CPU
		{B68C2756-6B9C-4EC7-BBCE-AEB480DB42D6}.Release|Any CPU.ActiveCfg = Release|Any CPU
		{B68C2756-6B9C-4EC7-BBCE-AEB480DB42D6}.Release|Any CPU.Build.0 = Release|Any CPU
	EndGlobalSection
	GlobalSection(SolutionProperties) = preSolution
		HideSolutionNode = FALSE
	EndGlobalSection
	GlobalSection(ExtensibilityGlobals) = postSolution
		SolutionGuid = {47F18083-C4D6-4335-95FA-A17D50FA275A}
	EndGlobalSection
EndGlobal
